// !$*UTF8*$!
{
	archiveVersion = 1;
	classes = {
	};
	objectVersion = 46;
	objects = {

/* Begin PBXBuildFile section */
		1844E9001C5F18B200705FE3 /* AppDelegate.swift in Sources */ = {isa = PBXBuildFile; fileRef = 1844E8FF1C5F18B200705FE3 /* AppDelegate.swift */; };
		1844E9021C5F18B200705FE3 /* ViewController.swift in Sources */ = {isa = PBXBuildFile; fileRef = 1844E9011C5F18B200705FE3 /* ViewController.swift */; };
		1844E9051C5F18B200705FE3 /* Main.storyboard in Resources */ = {isa = PBXBuildFile; fileRef = 1844E9031C5F18B200705FE3 /* Main.storyboard */; };
		1844E9071C5F18B200705FE3 /* Assets.xcassets in Resources */ = {isa = PBXBuildFile; fileRef = 1844E9061C5F18B200705FE3 /* Assets.xcassets */; };
		1844E90A1C5F18B200705FE3 /* LaunchScreen.storyboard in Resources */ = {isa = PBXBuildFile; fileRef = 1844E9081C5F18B200705FE3 /* LaunchScreen.storyboard */; };
		1844E9131C5F19F000705FE3 /* OAuth.swift in Sources */ = {isa = PBXBuildFile; fileRef = 1844E9121C5F19F000705FE3 /* OAuth.swift */; };
		1844E9161C5F7B0F00705FE3 /* NSURL+Extension.swift in Sources */ = {isa = PBXBuildFile; fileRef = 1844E9151C5F7B0F00705FE3 /* NSURL+Extension.swift */; };
		1844E9191C5F887F00705FE3 /* Defaults.swift in Sources */ = {isa = PBXBuildFile; fileRef = 1844E9181C5F887F00705FE3 /* Defaults.swift */; };
		1844E91B1C5F8DB300705FE3 /* FairyNotification.swift in Sources */ = {isa = PBXBuildFile; fileRef = 1844E91A1C5F8DB300705FE3 /* FairyNotification.swift */; };
		18928D101C64B57D003B2DFB /* Http.swift in Sources */ = {isa = PBXBuildFile; fileRef = 18928D0F1C64B57D003B2DFB /* Http.swift */; };
		18928D151C64E01B003B2DFB /* ShotsCollectionViewController.swift in Sources */ = {isa = PBXBuildFile; fileRef = 18928D141C64E01B003B2DFB /* ShotsCollectionViewController.swift */; };
		18928D171C64E030003B2DFB /* DribbbleShotsModel.swift in Sources */ = {isa = PBXBuildFile; fileRef = 18928D161C64E030003B2DFB /* DribbbleShotsModel.swift */; };
		18928D191C64E702003B2DFB /* DribbbleUserModel.swift in Sources */ = {isa = PBXBuildFile; fileRef = 18928D181C64E702003B2DFB /* DribbbleUserModel.swift */; };
		18BF9C091C622B6B007E9194 /* APIShots.swift in Sources */ = {isa = PBXBuildFile; fileRef = 18BF9C081C622B6B007E9194 /* APIShots.swift */; };
		18BF9C0B1C622CF6007E9194 /* Alamofire+Extension.swift in Sources */ = {isa = PBXBuildFile; fileRef = 18BF9C0A1C622CF6007E9194 /* Alamofire+Extension.swift */; };
		18F166821C661A2C00E9185B /* DribbbleTeamModel.swift in Sources */ = {isa = PBXBuildFile; fileRef = 18F166811C661A2C00E9185B /* DribbbleTeamModel.swift */; };
		18F166841C661E0C00E9185B /* DribbbleImages.swift in Sources */ = {isa = PBXBuildFile; fileRef = 18F166831C661E0C00E9185B /* DribbbleImages.swift */; };
		18F166861C661E6500E9185B /* DribbbleLinks.swift in Sources */ = {isa = PBXBuildFile; fileRef = 18F166851C661E6500E9185B /* DribbbleLinks.swift */; };
		18F166881C662F5E00E9185B /* ShotsCollectionViewCell.swift in Sources */ = {isa = PBXBuildFile; fileRef = 18F166871C662F5E00E9185B /* ShotsCollectionViewCell.swift */; };
		18F1668B1C699C9B00E9185B /* ShotsFooterCollectionReusableView.swift in Sources */ = {isa = PBXBuildFile; fileRef = 18F1668A1C699C9B00E9185B /* ShotsFooterCollectionReusableView.swift */; };
		DB4BCF56F304BDACD8CBE826 /* Pods_Fairy.framework in Frameworks */ = {isa = PBXBuildFile; fileRef = 428847087D20C80599EE8867 /* Pods_Fairy.framework */; };
/* End PBXBuildFile section */

/* Begin PBXFileReference section */
		1844E8FC1C5F18B200705FE3 /* Fairy.app */ = {isa = PBXFileReference; explicitFileType = wrapper.application; includeInIndex = 0; path = Fairy.app; sourceTree = BUILT_PRODUCTS_DIR; };
		1844E8FF1C5F18B200705FE3 /* AppDelegate.swift */ = {isa = PBXFileReference; lastKnownFileType = sourcecode.swift; path = AppDelegate.swift; sourceTree = "<group>"; };
		1844E9011C5F18B200705FE3 /* ViewController.swift */ = {isa = PBXFileReference; lastKnownFileType = sourcecode.swift; path = ViewController.swift; sourceTree = "<group>"; };
		1844E9041C5F18B200705FE3 /* Base */ = {isa = PBXFileReference; lastKnownFileType = file.storyboard; name = Base; path = Base.lproj/Main.storyboard; sourceTree = "<group>"; };
		1844E9061C5F18B200705FE3 /* Assets.xcassets */ = {isa = PBXFileReference; lastKnownFileType = folder.assetcatalog; path = Assets.xcassets; sourceTree = "<group>"; };
		1844E9091C5F18B200705FE3 /* Base */ = {isa = PBXFileReference; lastKnownFileType = file.storyboard; name = Base; path = Base.lproj/LaunchScreen.storyboard; sourceTree = "<group>"; };
		1844E90B1C5F18B200705FE3 /* Info.plist */ = {isa = PBXFileReference; lastKnownFileType = text.plist.xml; path = Info.plist; sourceTree = "<group>"; };
		1844E9121C5F19F000705FE3 /* OAuth.swift */ = {isa = PBXFileReference; fileEncoding = 4; lastKnownFileType = sourcecode.swift; path = OAuth.swift; sourceTree = "<group>"; };
		1844E9151C5F7B0F00705FE3 /* NSURL+Extension.swift */ = {isa = PBXFileReference; fileEncoding = 4; lastKnownFileType = sourcecode.swift; path = "NSURL+Extension.swift"; sourceTree = "<group>"; };
		1844E9181C5F887F00705FE3 /* Defaults.swift */ = {isa = PBXFileReference; fileEncoding = 4; lastKnownFileType = sourcecode.swift; path = Defaults.swift; sourceTree = "<group>"; };
		1844E91A1C5F8DB300705FE3 /* FairyNotification.swift */ = {isa = PBXFileReference; fileEncoding = 4; lastKnownFileType = sourcecode.swift; path = FairyNotification.swift; sourceTree = "<group>"; };
		18928D0F1C64B57D003B2DFB /* Http.swift */ = {isa = PBXFileReference; fileEncoding = 4; lastKnownFileType = sourcecode.swift; path = Http.swift; sourceTree = "<group>"; };
		18928D141C64E01B003B2DFB /* ShotsCollectionViewController.swift */ = {isa = PBXFileReference; fileEncoding = 4; lastKnownFileType = sourcecode.swift; path = ShotsCollectionViewController.swift; sourceTree = "<group>"; };
		18928D161C64E030003B2DFB /* DribbbleShotsModel.swift */ = {isa = PBXFileReference; fileEncoding = 4; lastKnownFileType = sourcecode.swift; path = DribbbleShotsModel.swift; sourceTree = "<group>"; };
		18928D181C64E702003B2DFB /* DribbbleUserModel.swift */ = {isa = PBXFileReference; fileEncoding = 4; lastKnownFileType = sourcecode.swift; path = DribbbleUserModel.swift; sourceTree = "<group>"; };
		18BF9C081C622B6B007E9194 /* APIShots.swift */ = {isa = PBXFileReference; fileEncoding = 4; lastKnownFileType = sourcecode.swift; path = APIShots.swift; sourceTree = "<group>"; };
		18BF9C0A1C622CF6007E9194 /* Alamofire+Extension.swift */ = {isa = PBXFileReference; fileEncoding = 4; lastKnownFileType = sourcecode.swift; path = "Alamofire+Extension.swift"; sourceTree = "<group>"; };
		18F166811C661A2C00E9185B /* DribbbleTeamModel.swift */ = {isa = PBXFileReference; fileEncoding = 4; lastKnownFileType = sourcecode.swift; path = DribbbleTeamModel.swift; sourceTree = "<group>"; };
		18F166831C661E0C00E9185B /* DribbbleImages.swift */ = {isa = PBXFileReference; fileEncoding = 4; lastKnownFileType = sourcecode.swift; path = DribbbleImages.swift; sourceTree = "<group>"; };
		18F166851C661E6500E9185B /* DribbbleLinks.swift */ = {isa = PBXFileReference; fileEncoding = 4; lastKnownFileType = sourcecode.swift; path = DribbbleLinks.swift; sourceTree = "<group>"; };
		18F166871C662F5E00E9185B /* ShotsCollectionViewCell.swift */ = {isa = PBXFileReference; fileEncoding = 4; lastKnownFileType = sourcecode.swift; path = ShotsCollectionViewCell.swift; sourceTree = "<group>"; };
		18F1668A1C699C9B00E9185B /* ShotsFooterCollectionReusableView.swift */ = {isa = PBXFileReference; fileEncoding = 4; lastKnownFileType = sourcecode.swift; path = ShotsFooterCollectionReusableView.swift; sourceTree = "<group>"; };
		428847087D20C80599EE8867 /* Pods_Fairy.framework */ = {isa = PBXFileReference; explicitFileType = wrapper.framework; includeInIndex = 0; path = Pods_Fairy.framework; sourceTree = BUILT_PRODUCTS_DIR; };
		87EA3F819AD18B1172A61BF1 /* Pods-Fairy.release.xcconfig */ = {isa = PBXFileReference; includeInIndex = 1; lastKnownFileType = text.xcconfig; name = "Pods-Fairy.release.xcconfig"; path = "Pods/Target Support Files/Pods-Fairy/Pods-Fairy.release.xcconfig"; sourceTree = "<group>"; };
		EF0E894DA83CAA61AF1DDC6D /* Pods-Fairy.debug.xcconfig */ = {isa = PBXFileReference; includeInIndex = 1; lastKnownFileType = text.xcconfig; name = "Pods-Fairy.debug.xcconfig"; path = "Pods/Target Support Files/Pods-Fairy/Pods-Fairy.debug.xcconfig"; sourceTree = "<group>"; };
/* End PBXFileReference section */

/* Begin PBXFrameworksBuildPhase section */
		1844E8F91C5F18B200705FE3 /* Frameworks */ = {
			isa = PBXFrameworksBuildPhase;
			buildActionMask = 2147483647;
			files = (
				DB4BCF56F304BDACD8CBE826 /* Pods_Fairy.framework in Frameworks */,
			);
			runOnlyForDeploymentPostprocessing = 0;
		};
/* End PBXFrameworksBuildPhase section */

/* Begin PBXGroup section */
		1844E8F31C5F18B200705FE3 = {
			isa = PBXGroup;
			children = (
				1844E8FE1C5F18B200705FE3 /* Fairy */,
				1844E8FD1C5F18B200705FE3 /* Products */,
				B2BACBF748381AA6559FE8E4 /* Pods */,
				FF5C0FB47B17C63C8549B182 /* Frameworks */,
			);
			sourceTree = "<group>";
		};
		1844E8FD1C5F18B200705FE3 /* Products */ = {
			isa = PBXGroup;
			children = (
				1844E8FC1C5F18B200705FE3 /* Fairy.app */,
			);
			name = Products;
			sourceTree = "<group>";
		};
		1844E8FE1C5F18B200705FE3 /* Fairy */ = {
			isa = PBXGroup;
			children = (
				1844E9171C5F886700705FE3 /* Tools */,
				1844E9141C5F7AF800705FE3 /* Extension */,
				1844E9111C5F18DC00705FE3 /* Http */,
				189115761C63853D0014C1EE /* Shots */,
				1844E9011C5F18B200705FE3 /* ViewController.swift */,
				1844E8FF1C5F18B200705FE3 /* AppDelegate.swift */,
				1844E9031C5F18B200705FE3 /* Main.storyboard */,
				1844E9061C5F18B200705FE3 /* Assets.xcassets */,
				1844E9081C5F18B200705FE3 /* LaunchScreen.storyboard */,
				1844E90B1C5F18B200705FE3 /* Info.plist */,
			);
			path = Fairy;
			sourceTree = "<group>";
		};
		1844E9111C5F18DC00705FE3 /* Http */ = {
			isa = PBXGroup;
			children = (
				1844E9121C5F19F000705FE3 /* OAuth.swift */,
				18BF9C081C622B6B007E9194 /* APIShots.swift */,
				18BF9C0A1C622CF6007E9194 /* Alamofire+Extension.swift */,
				18928D0F1C64B57D003B2DFB /* Http.swift */,
			);
			path = Http;
			sourceTree = "<group>";
		};
		1844E9141C5F7AF800705FE3 /* Extension */ = {
			isa = PBXGroup;
			children = (
				1844E9151C5F7B0F00705FE3 /* NSURL+Extension.swift */,
			);
			path = Extension;
			sourceTree = "<group>";
		};
		1844E9171C5F886700705FE3 /* Tools */ = {
			isa = PBXGroup;
			children = (
				1844E9181C5F887F00705FE3 /* Defaults.swift */,
				1844E91A1C5F8DB300705FE3 /* FairyNotification.swift */,
			);
			path = Tools;
			sourceTree = "<group>";
		};
		189115761C63853D0014C1EE /* Shots */ = {
			isa = PBXGroup;
			children = (
				18928D121C64DFFA003B2DFB /* Controller */,
				18928D131C64DFFA003B2DFB /* View */,
				18928D111C64DFE3003B2DFB /* Model */,
			);
			path = Shots;
			sourceTree = "<group>";
		};
		18928D111C64DFE3003B2DFB /* Model */ = {
			isa = PBXGroup;
			children = (
				18928D161C64E030003B2DFB /* DribbbleShotsModel.swift */,
				18928D181C64E702003B2DFB /* DribbbleUserModel.swift */,
				18F166811C661A2C00E9185B /* DribbbleTeamModel.swift */,
				18F166831C661E0C00E9185B /* DribbbleImages.swift */,
				18F166851C661E6500E9185B /* DribbbleLinks.swift */,
			);
			path = Model;
			sourceTree = "<group>";
		};
		18928D121C64DFFA003B2DFB /* Controller */ = {
			isa = PBXGroup;
			children = (
				18928D141C64E01B003B2DFB /* ShotsCollectionViewController.swift */,
			);
			path = Controller;
			sourceTree = "<group>";
		};
		18928D131C64DFFA003B2DFB /* View */ = {
			isa = PBXGroup;
			children = (
				18F166871C662F5E00E9185B /* ShotsCollectionViewCell.swift */,
				18F1668A1C699C9B00E9185B /* ShotsFooterCollectionReusableView.swift */,
			);
			path = View;
			sourceTree = "<group>";
		};
		B2BACBF748381AA6559FE8E4 /* Pods */ = {
			isa = PBXGroup;
			children = (
				EF0E894DA83CAA61AF1DDC6D /* Pods-Fairy.debug.xcconfig */,
				87EA3F819AD18B1172A61BF1 /* Pods-Fairy.release.xcconfig */,
			);
			name = Pods;
			sourceTree = "<group>";
		};
		FF5C0FB47B17C63C8549B182 /* Frameworks */ = {
			isa = PBXGroup;
			children = (
				428847087D20C80599EE8867 /* Pods_Fairy.framework */,
			);
			name = Frameworks;
			sourceTree = "<group>";
		};
/* End PBXGroup section */

/* Begin PBXNativeTarget section */
		1844E8FB1C5F18B200705FE3 /* Fairy */ = {
			isa = PBXNativeTarget;
			buildConfigurationList = 1844E90E1C5F18B200705FE3 /* Build configuration list for PBXNativeTarget "Fairy" */;
			buildPhases = (
				22D45218B03858160F378AFB /* Check Pods Manifest.lock */,
				1844E8F81C5F18B200705FE3 /* Sources */,
				1844E8F91C5F18B200705FE3 /* Frameworks */,
				1844E8FA1C5F18B200705FE3 /* Resources */,
				73B89AFD49077FEC69821C4C /* Embed Pods Frameworks */,
				0C3C16A5962F8BBF3FCEA808 /* Copy Pods Resources */,
			);
			buildRules = (
			);
			dependencies = (
			);
			name = Fairy;
			productName = Fairy;
			productReference = 1844E8FC1C5F18B200705FE3 /* Fairy.app */;
			productType = "com.apple.product-type.application";
		};
/* End PBXNativeTarget section */

/* Begin PBXProject section */
		1844E8F41C5F18B200705FE3 /* Project object */ = {
			isa = PBXProject;
			attributes = {
				LastSwiftUpdateCheck = 0720;
				LastUpgradeCheck = 0720;
				ORGANIZATIONNAME = futantan;
				TargetAttributes = {
					1844E8FB1C5F18B200705FE3 = {
						CreatedOnToolsVersion = 7.2;
						DevelopmentTeam = 9LW7P9W636;
					};
				};
			};
			buildConfigurationList = 1844E8F71C5F18B200705FE3 /* Build configuration list for PBXProject "Fairy" */;
			compatibilityVersion = "Xcode 3.2";
			developmentRegion = English;
			hasScannedForEncodings = 0;
			knownRegions = (
				en,
				Base,
			);
			mainGroup = 1844E8F31C5F18B200705FE3;
			productRefGroup = 1844E8FD1C5F18B200705FE3 /* Products */;
			projectDirPath = "";
			projectRoot = "";
			targets = (
				1844E8FB1C5F18B200705FE3 /* Fairy */,
			);
		};
/* End PBXProject section */

/* Begin PBXResourcesBuildPhase section */
		1844E8FA1C5F18B200705FE3 /* Resources */ = {
			isa = PBXResourcesBuildPhase;
			buildActionMask = 2147483647;
			files = (
				1844E90A1C5F18B200705FE3 /* LaunchScreen.storyboard in Resources */,
				1844E9071C5F18B200705FE3 /* Assets.xcassets in Resources */,
				1844E9051C5F18B200705FE3 /* Main.storyboard in Resources */,
			);
			runOnlyForDeploymentPostprocessing = 0;
		};
/* End PBXResourcesBuildPhase section */

/* Begin PBXShellScriptBuildPhase section */
		0C3C16A5962F8BBF3FCEA808 /* Copy Pods Resources */ = {
			isa = PBXShellScriptBuildPhase;
			buildActionMask = 2147483647;
			files = (
			);
			inputPaths = (
			);
			name = "Copy Pods Resources";
			outputPaths = (
			);
			runOnlyForDeploymentPostprocessing = 0;
			shellPath = /bin/sh;
			shellScript = "\"${SRCROOT}/Pods/Target Support Files/Pods-Fairy/Pods-Fairy-resources.sh\"\n";
			showEnvVarsInLog = 0;
		};
		22D45218B03858160F378AFB /* Check Pods Manifest.lock */ = {
			isa = PBXShellScriptBuildPhase;
			buildActionMask = 2147483647;
			files = (
			);
			inputPaths = (
			);
			name = "Check Pods Manifest.lock";
			outputPaths = (
			);
			runOnlyForDeploymentPostprocessing = 0;
			shellPath = /bin/sh;
			shellScript = "diff \"${PODS_ROOT}/../Podfile.lock\" \"${PODS_ROOT}/Manifest.lock\" > /dev/null\nif [[ $? != 0 ]] ; then\n    cat << EOM\nerror: The sandbox is not in sync with the Podfile.lock. Run 'pod install' or update your CocoaPods installation.\nEOM\n    exit 1\nfi\n";
			showEnvVarsInLog = 0;
		};
		73B89AFD49077FEC69821C4C /* Embed Pods Frameworks */ = {
			isa = PBXShellScriptBuildPhase;
			buildActionMask = 2147483647;
			files = (
			);
			inputPaths = (
			);
			name = "Embed Pods Frameworks";
			outputPaths = (
			);
			runOnlyForDeploymentPostprocessing = 0;
			shellPath = /bin/sh;
			shellScript = "\"${SRCROOT}/Pods/Target Support Files/Pods-Fairy/Pods-Fairy-frameworks.sh\"\n";
			showEnvVarsInLog = 0;
		};
/* End PBXShellScriptBuildPhase section */

/* Begin PBXSourcesBuildPhase section */
		1844E8F81C5F18B200705FE3 /* Sources */ = {
			isa = PBXSourcesBuildPhase;
			buildActionMask = 2147483647;
			files = (
				18F166881C662F5E00E9185B /* ShotsCollectionViewCell.swift in Sources */,
				1844E9161C5F7B0F00705FE3 /* NSURL+Extension.swift in Sources */,
				18BF9C091C622B6B007E9194 /* APIShots.swift in Sources */,
				18928D151C64E01B003B2DFB /* ShotsCollectionViewController.swift in Sources */,
				18F166841C661E0C00E9185B /* DribbbleImages.swift in Sources */,
				1844E9131C5F19F000705FE3 /* OAuth.swift in Sources */,
				1844E9191C5F887F00705FE3 /* Defaults.swift in Sources */,
				18F1668B1C699C9B00E9185B /* ShotsFooterCollectionReusableView.swift in Sources */,
				18F166821C661A2C00E9185B /* DribbbleTeamModel.swift in Sources */,
				18928D171C64E030003B2DFB /* DribbbleShotsModel.swift in Sources */,
				18BF9C0B1C622CF6007E9194 /* Alamofire+Extension.swift in Sources */,
				18F166861C661E6500E9185B /* DribbbleLinks.swift in Sources */,
				1844E9021C5F18B200705FE3 /* ViewController.swift in Sources */,
				1844E91B1C5F8DB300705FE3 /* FairyNotification.swift in Sources */,
				1844E9001C5F18B200705FE3 /* AppDelegate.swift in Sources */,
				18928D191C64E702003B2DFB /* DribbbleUserModel.swift in Sources */,
				18928D101C64B57D003B2DFB /* Http.swift in Sources */,
			);
			runOnlyForDeploymentPostprocessing = 0;
		};
/* End PBXSourcesBuildPhase section */

/* Begin PBXVariantGroup section */
		1844E9031C5F18B200705FE3 /* Main.storyboard */ = {
			isa = PBXVariantGroup;
			children = (
				1844E9041C5F18B200705FE3 /* Base */,
			);
			name = Main.storyboard;
			sourceTree = "<group>";
		};
		1844E9081C5F18B200705FE3 /* LaunchScreen.storyboard */ = {
			isa = PBXVariantGroup;
			children = (
				1844E9091C5F18B200705FE3 /* Base */,
			);
			name = LaunchScreen.storyboard;
			sourceTree = "<group>";
		};
/* End PBXVariantGroup section */

/* Begin XCBuildConfiguration section */
		1844E90C1C5F18B200705FE3 /* Debug */ = {
			isa = XCBuildConfiguration;
			buildSettings = {
				ALWAYS_SEARCH_USER_PATHS = NO;
				CLANG_CXX_LANGUAGE_STANDARD = "gnu++0x";
				CLANG_CXX_LIBRARY = "libc++";
				CLANG_ENABLE_MODULES = YES;
				CLANG_ENABLE_OBJC_ARC = YES;
				CLANG_WARN_BOOL_CONVERSION = YES;
				CLANG_WARN_CONSTANT_CONVERSION = YES;
				CLANG_WARN_DIRECT_OBJC_ISA_USAGE = YES_ERROR;
				CLANG_WARN_EMPTY_BODY = YES;
				CLANG_WARN_ENUM_CONVERSION = YES;
				CLANG_WARN_INT_CONVERSION = YES;
				CLANG_WARN_OBJC_ROOT_CLASS = YES_ERROR;
				CLANG_WARN_UNREACHABLE_CODE = YES;
				CLANG_WARN__DUPLICATE_METHOD_MATCH = YES;
				"CODE_SIGN_IDENTITY[sdk=iphoneos*]" = "iPhone Developer";
				COPY_PHASE_STRIP = NO;
				DEBUG_INFORMATION_FORMAT = dwarf;
				ENABLE_STRICT_OBJC_MSGSEND = YES;
				ENABLE_TESTABILITY = YES;
				GCC_C_LANGUAGE_STANDARD = gnu99;
				GCC_DYNAMIC_NO_PIC = NO;
				GCC_NO_COMMON_BLOCKS = YES;
				GCC_OPTIMIZATION_LEVEL = 0;
				GCC_PREPROCESSOR_DEFINITIONS = (
					"DEBUG=1",
					"$(inherited)",
				);
				GCC_WARN_64_TO_32_BIT_CONVERSION = YES;
				GCC_WARN_ABOUT_RETURN_TYPE = YES_ERROR;
				GCC_WARN_UNDECLARED_SELECTOR = YES;
				GCC_WARN_UNINITIALIZED_AUTOS = YES_AGGRESSIVE;
				GCC_WARN_UNUSED_FUNCTION = YES;
				GCC_WARN_UNUSED_VARIABLE = YES;
				IPHONEOS_DEPLOYMENT_TARGET = 9.2;
				MTL_ENABLE_DEBUG_INFO = YES;
				ONLY_ACTIVE_ARCH = YES;
				SDKROOT = iphoneos;
				SWIFT_OPTIMIZATION_LEVEL = "-Onone";
			};
			name = Debug;
		};
		1844E90D1C5F18B200705FE3 /* Release */ = {
			isa = XCBuildConfiguration;
			buildSettings = {
				ALWAYS_SEARCH_USER_PATHS = NO;
				CLANG_CXX_LANGUAGE_STANDARD = "gnu++0x";
				CLANG_CXX_LIBRARY = "libc++";
				CLANG_ENABLE_MODULES = YES;
				CLANG_ENABLE_OBJC_ARC = YES;
				CLANG_WARN_BOOL_CONVERSION = YES;
				CLANG_WARN_CONSTANT_CONVERSION = YES;
				CLANG_WARN_DIRECT_OBJC_ISA_USAGE = YES_ERROR;
				CLANG_WARN_EMPTY_BODY = YES;
				CLANG_WARN_ENUM_CONVERSION = YES;
				CLANG_WARN_INT_CONVERSION = YES;
				CLANG_WARN_OBJC_ROOT_CLASS = YES_ERROR;
				CLANG_WARN_UNREACHABLE_CODE = YES;
				CLANG_WARN__DUPLICATE_METHOD_MATCH = YES;
				"CODE_SIGN_IDENTITY[sdk=iphoneos*]" = "iPhone Developer";
				COPY_PHASE_STRIP = NO;
				DEBUG_INFORMATION_FORMAT = "dwarf-with-dsym";
				ENABLE_NS_ASSERTIONS = NO;
				ENABLE_STRICT_OBJC_MSGSEND = YES;
				GCC_C_LANGUAGE_STANDARD = gnu99;
				GCC_NO_COMMON_BLOCKS = YES;
				GCC_WARN_64_TO_32_BIT_CONVERSION = YES;
				GCC_WARN_ABOUT_RETURN_TYPE = YES_ERROR;
				GCC_WARN_UNDECLARED_SELECTOR = YES;
				GCC_WARN_UNINITIALIZED_AUTOS = YES_AGGRESSIVE;
				GCC_WARN_UNUSED_FUNCTION = YES;
				GCC_WARN_UNUSED_VARIABLE = YES;
				IPHONEOS_DEPLOYMENT_TARGET = 9.2;
				MTL_ENABLE_DEBUG_INFO = NO;
				SDKROOT = iphoneos;
				VALIDATE_PRODUCT = YES;
			};
			name = Release;
		};
		1844E90F1C5F18B200705FE3 /* Debug */ = {
			isa = XCBuildConfiguration;
			baseConfigurationReference = EF0E894DA83CAA61AF1DDC6D /* Pods-Fairy.debug.xcconfig */;
			buildSettings = {
				ASSETCATALOG_COMPILER_APPICON_NAME = AppIcon;
				CODE_SIGN_IDENTITY = "iPhone Developer";
				INFOPLIST_FILE = Fairy/Info.plist;
				LD_RUNPATH_SEARCH_PATHS = "$(inherited) @executable_path/Frameworks";
				PRODUCT_BUNDLE_IDENTIFIER = com.futantan.Fairy;
				PRODUCT_NAME = "$(TARGET_NAME)";
			};
			name = Debug;
		};
		1844E9101C5F18B200705FE3 /* Release */ = {
			isa = XCBuildConfiguration;
			baseConfigurationReference = 87EA3F819AD18B1172A61BF1 /* Pods-Fairy.release.xcconfig */;
			buildSettings = {
				ASSETCATALOG_COMPILER_APPICON_NAME = AppIcon;
				CODE_SIGN_IDENTITY = "iPhone Developer";
				INFOPLIST_FILE = Fairy/Info.plist;
				LD_RUNPATH_SEARCH_PATHS = "$(inherited) @executable_path/Frameworks";
				PRODUCT_BUNDLE_IDENTIFIER = com.futantan.Fairy;
				PRODUCT_NAME = "$(TARGET_NAME)";
			};
			name = Release;
		};
/* End XCBuildConfiguration section */

/* Begin XCConfigurationList section */
		1844E8F71C5F18B200705FE3 /* Build configuration list for PBXProject "Fairy" */ = {
			isa = XCConfigurationList;
			buildConfigurations = (
				1844E90C1C5F18B200705FE3 /* Debug */,
				1844E90D1C5F18B200705FE3 /* Release */,
			);
			defaultConfigurationIsVisible = 0;
			defaultConfigurationName = Release;
		};
		1844E90E1C5F18B200705FE3 /* Build configuration list for PBXNativeTarget "Fairy" */ = {
			isa = XCConfigurationList;
			buildConfigurations = (
				1844E90F1C5F18B200705FE3 /* Debug */,
				1844E9101C5F18B200705FE3 /* Release */,
			);
			defaultConfigurationIsVisible = 0;
			defaultConfigurationName = Release;
		};
/* End XCConfigurationList section */
	};
	rootObject = 1844E8F41C5F18B200705FE3 /* Project object */;
}
