// !$*UTF8*$!
{
	archiveVersion = 1;
	classes = {
	};
	objectVersion = 46;
	objects = {

/* Begin PBXBuildFile section */
		180EB1061C8B356900EB2FBF /* NSDate+Extension.swift in Sources */ = {isa = PBXBuildFile; fileRef = 180EB1051C8B356900EB2FBF /* NSDate+Extension.swift */; };
		180EB1081C8BBD8000EB2FBF /* String+Extension.swift in Sources */ = {isa = PBXBuildFile; fileRef = 180EB1071C8BBD8000EB2FBF /* String+Extension.swift */; };
		180EB10D1C8D16DA00EB2FBF /* shotDescription.html in Resources */ = {isa = PBXBuildFile; fileRef = 180EB10C1C8D16DA00EB2FBF /* shotDescription.html */; };
		1831149D1C8960E4004EF152 /* RealmString.swift in Sources */ = {isa = PBXBuildFile; fileRef = 1831149C1C8960E4004EF152 /* RealmString.swift */; };
		1831149F1C89B9DB004EF152 /* Log.swift in Sources */ = {isa = PBXBuildFile; fileRef = 1831149E1C89B9DB004EF152 /* Log.swift */; };
		183114A11C89BC62004EF152 /* RealmManger.swift in Sources */ = {isa = PBXBuildFile; fileRef = 183114A01C89BC62004EF152 /* RealmManger.swift */; };
		1844E9131C5F19F000705FE3 /* OAuth.swift in Sources */ = {isa = PBXBuildFile; fileRef = 1844E9121C5F19F000705FE3 /* OAuth.swift */; };
		1844E9161C5F7B0F00705FE3 /* NSURL+Extension.swift in Sources */ = {isa = PBXBuildFile; fileRef = 1844E9151C5F7B0F00705FE3 /* NSURL+Extension.swift */; };
		1844E9191C5F887F00705FE3 /* Defaults.swift in Sources */ = {isa = PBXBuildFile; fileRef = 1844E9181C5F887F00705FE3 /* Defaults.swift */; };
		1844E91B1C5F8DB300705FE3 /* FairyNotification.swift in Sources */ = {isa = PBXBuildFile; fileRef = 1844E91A1C5F8DB300705FE3 /* FairyNotification.swift */; };
		185448F61C85347100AB787A /* AppDelegate.swift in Sources */ = {isa = PBXBuildFile; fileRef = 185448EF1C85347100AB787A /* AppDelegate.swift */; };
		185448F71C85347100AB787A /* Assets.xcassets in Resources */ = {isa = PBXBuildFile; fileRef = 185448F01C85347100AB787A /* Assets.xcassets */; };
		185448F81C85347100AB787A /* LaunchScreen.storyboard in Resources */ = {isa = PBXBuildFile; fileRef = 185448F11C85347100AB787A /* LaunchScreen.storyboard */; };
		185448F91C85347100AB787A /* Main.storyboard in Resources */ = {isa = PBXBuildFile; fileRef = 185448F31C85347100AB787A /* Main.storyboard */; };
		185448FF1C853EAD00AB787A /* ViewController.swift in Sources */ = {isa = PBXBuildFile; fileRef = 185448FE1C853EAD00AB787A /* ViewController.swift */; };
		18889D031C74A9FC00CC6CBA /* ShotsCollectionCellViewModel.swift in Sources */ = {isa = PBXBuildFile; fileRef = 18889D021C74A9FC00CC6CBA /* ShotsCollectionCellViewModel.swift */; };
		188C2DE31C7F1F4F00C18B9A /* ShotDetailController.swift in Sources */ = {isa = PBXBuildFile; fileRef = 188C2DE21C7F1F4F00C18B9A /* ShotDetailController.swift */; };
		188C2DED1C7F312500C18B9A /* ShotDetail.storyboard in Resources */ = {isa = PBXBuildFile; fileRef = 188C2DEC1C7F312500C18B9A /* ShotDetail.storyboard */; };
		188C2DF11C7F314F00C18B9A /* ShotDetailHeaderImageCell.swift in Sources */ = {isa = PBXBuildFile; fileRef = 188C2DEF1C7F314F00C18B9A /* ShotDetailHeaderImageCell.swift */; };
		188C2DF21C7F314F00C18B9A /* ShotDetailHeaderImageCell.xib in Resources */ = {isa = PBXBuildFile; fileRef = 188C2DF01C7F314F00C18B9A /* ShotDetailHeaderImageCell.xib */; };
		188C2DF51C7FE97200C18B9A /* ShotDetailDesignerInfoCell.swift in Sources */ = {isa = PBXBuildFile; fileRef = 188C2DF31C7FE97200C18B9A /* ShotDetailDesignerInfoCell.swift */; };
		188C2DF61C7FE97200C18B9A /* ShotDetailDesignerInfoCell.xib in Resources */ = {isa = PBXBuildFile; fileRef = 188C2DF41C7FE97200C18B9A /* ShotDetailDesignerInfoCell.xib */; };
		188C2DF91C7FF4C500C18B9A /* ShotInfoCell.swift in Sources */ = {isa = PBXBuildFile; fileRef = 188C2DF71C7FF4C500C18B9A /* ShotInfoCell.swift */; };
		188C2DFA1C7FF4C500C18B9A /* ShotInfoCell.xib in Resources */ = {isa = PBXBuildFile; fileRef = 188C2DF81C7FF4C500C18B9A /* ShotInfoCell.xib */; };
		188C2E011C80491E00C18B9A /* ShotDetailDescriptionCell.swift in Sources */ = {isa = PBXBuildFile; fileRef = 188C2DFF1C80491E00C18B9A /* ShotDetailDescriptionCell.swift */; };
		188C2E021C80491E00C18B9A /* ShotDetailDescriptionCell.xib in Resources */ = {isa = PBXBuildFile; fileRef = 188C2E001C80491E00C18B9A /* ShotDetailDescriptionCell.xib */; };
		18928D101C64B57D003B2DFB /* Http.swift in Sources */ = {isa = PBXBuildFile; fileRef = 18928D0F1C64B57D003B2DFB /* Http.swift */; };
		18928D151C64E01B003B2DFB /* ShotsCollectionViewController.swift in Sources */ = {isa = PBXBuildFile; fileRef = 18928D141C64E01B003B2DFB /* ShotsCollectionViewController.swift */; };
		18BCCC011C85D0790085F35E /* PullToRefreshView.swift in Sources */ = {isa = PBXBuildFile; fileRef = 18BCCC001C85D0790085F35E /* PullToRefreshView.swift */; };
		18BF9C091C622B6B007E9194 /* DribbbleAPI.swift in Sources */ = {isa = PBXBuildFile; fileRef = 18BF9C081C622B6B007E9194 /* DribbbleAPI.swift */; };
		18BF9C0B1C622CF6007E9194 /* Alamofire+Extension.swift in Sources */ = {isa = PBXBuildFile; fileRef = 18BF9C0A1C622CF6007E9194 /* Alamofire+Extension.swift */; };
		18CB61DC1C8086460038A5A6 /* ShotDetailModel.swift in Sources */ = {isa = PBXBuildFile; fileRef = 18CB61DB1C8086460038A5A6 /* ShotDetailModel.swift */; };
		18CB61E31C8089AB0038A5A6 /* DribbbleImages.swift in Sources */ = {isa = PBXBuildFile; fileRef = 18CB61DE1C8089AB0038A5A6 /* DribbbleImages.swift */; };
		18CB61E41C8089AB0038A5A6 /* DribbbleLinks.swift in Sources */ = {isa = PBXBuildFile; fileRef = 18CB61DF1C8089AB0038A5A6 /* DribbbleLinks.swift */; };
		18CB61E51C8089AB0038A5A6 /* DribbbleShotModel.swift in Sources */ = {isa = PBXBuildFile; fileRef = 18CB61E01C8089AB0038A5A6 /* DribbbleShotModel.swift */; };
		18CB61E61C8089AB0038A5A6 /* DribbbleTeamModel.swift in Sources */ = {isa = PBXBuildFile; fileRef = 18CB61E11C8089AB0038A5A6 /* DribbbleTeamModel.swift */; };
		18CB61E71C8089AB0038A5A6 /* DribbbleUserModel.swift in Sources */ = {isa = PBXBuildFile; fileRef = 18CB61E21C8089AB0038A5A6 /* DribbbleUserModel.swift */; };
		18F166881C662F5E00E9185B /* ShotsCollectionViewCell.swift in Sources */ = {isa = PBXBuildFile; fileRef = 18F166871C662F5E00E9185B /* ShotsCollectionViewCell.swift */; };
		18F1668B1C699C9B00E9185B /* ShotsFooterCollectionReusableView.swift in Sources */ = {isa = PBXBuildFile; fileRef = 18F1668A1C699C9B00E9185B /* ShotsFooterCollectionReusableView.swift */; };
		18F9D4DD1C8326720091B891 /* ShotDetailCommentCell.swift in Sources */ = {isa = PBXBuildFile; fileRef = 18F9D4DB1C8326720091B891 /* ShotDetailCommentCell.swift */; };
		18F9D4DE1C8326720091B891 /* ShotDetailCommentCell.xib in Resources */ = {isa = PBXBuildFile; fileRef = 18F9D4DC1C8326720091B891 /* ShotDetailCommentCell.xib */; };
		18F9D4E01C832A2E0091B891 /* DribbbleCommentModel.swift in Sources */ = {isa = PBXBuildFile; fileRef = 18F9D4DF1C832A2E0091B891 /* DribbbleCommentModel.swift */; };
		2B3D4F16F572CBAB786F21AB /* CoreTelephony.framework in Frameworks */ = {isa = PBXBuildFile; fileRef = 510D133E9F323AFB1A278C5B /* CoreTelephony.framework */; };
		42DD311CB9B6D5647174012E /* BuddyBuildSDK.framework in Frameworks */ = {isa = PBXBuildFile; fileRef = D301976B532B62C68D58AB67 /* BuddyBuildSDK.framework */; };
		6401EB4076ABF64C7D73CC7C /* Pods_Fairy.framework in Frameworks */ = {isa = PBXBuildFile; fileRef = 4BAF1911908E39ABE07706BD /* Pods_Fairy.framework */; };
		656DE2063BEFEB11A8E33E8F /* QuartzCore.framework in Frameworks */ = {isa = PBXBuildFile; fileRef = 8A07CDD4FECBA84DAF90DC5C /* QuartzCore.framework */; };
		7F512585A5864294F1EF2B1B /* AssetsLibrary.framework in Frameworks */ = {isa = PBXBuildFile; fileRef = EDE83B0129BE6F269B618668 /* AssetsLibrary.framework */; };
		A48D106455D79E7D94AF6041 /* SystemConfiguration.framework in Frameworks */ = {isa = PBXBuildFile; fileRef = 0688B319E97778CEFCD7ECD9 /* SystemConfiguration.framework */; };
		E6B21AF85C60BD593CE018A9 /* CoreText.framework in Frameworks */ = {isa = PBXBuildFile; fileRef = EBE05780C4C1234A7BA8C474 /* CoreText.framework */; };
/* End PBXBuildFile section */

/* Begin PBXFileReference section */
		0688B319E97778CEFCD7ECD9 /* SystemConfiguration.framework */ = {isa = PBXFileReference; lastKnownFileType = wrapper.framework; name = SystemConfiguration.framework; path = System/Library/Frameworks/SystemConfiguration.framework; sourceTree = SDKROOT; };
		180EB1051C8B356900EB2FBF /* NSDate+Extension.swift */ = {isa = PBXFileReference; fileEncoding = 4; lastKnownFileType = sourcecode.swift; path = "NSDate+Extension.swift"; sourceTree = "<group>"; };
		180EB1071C8BBD8000EB2FBF /* String+Extension.swift */ = {isa = PBXFileReference; fileEncoding = 4; lastKnownFileType = sourcecode.swift; path = "String+Extension.swift"; sourceTree = "<group>"; };
		180EB10C1C8D16DA00EB2FBF /* shotDescription.html */ = {isa = PBXFileReference; fileEncoding = 4; lastKnownFileType = text.html; path = shotDescription.html; sourceTree = "<group>"; };
		1831149C1C8960E4004EF152 /* RealmString.swift */ = {isa = PBXFileReference; fileEncoding = 4; lastKnownFileType = sourcecode.swift; path = RealmString.swift; sourceTree = "<group>"; };
		1831149E1C89B9DB004EF152 /* Log.swift */ = {isa = PBXFileReference; fileEncoding = 4; lastKnownFileType = sourcecode.swift; path = Log.swift; sourceTree = "<group>"; };
		183114A01C89BC62004EF152 /* RealmManger.swift */ = {isa = PBXFileReference; fileEncoding = 4; lastKnownFileType = sourcecode.swift; path = RealmManger.swift; sourceTree = "<group>"; };
		1844E8FC1C5F18B200705FE3 /* Fairy.app */ = {isa = PBXFileReference; explicitFileType = wrapper.application; includeInIndex = 0; path = Fairy.app; sourceTree = BUILT_PRODUCTS_DIR; };
		1844E9121C5F19F000705FE3 /* OAuth.swift */ = {isa = PBXFileReference; fileEncoding = 4; lastKnownFileType = sourcecode.swift; path = OAuth.swift; sourceTree = "<group>"; };
		1844E9151C5F7B0F00705FE3 /* NSURL+Extension.swift */ = {isa = PBXFileReference; fileEncoding = 4; lastKnownFileType = sourcecode.swift; path = "NSURL+Extension.swift"; sourceTree = "<group>"; };
		1844E9181C5F887F00705FE3 /* Defaults.swift */ = {isa = PBXFileReference; fileEncoding = 4; lastKnownFileType = sourcecode.swift; path = Defaults.swift; sourceTree = "<group>"; };
		1844E91A1C5F8DB300705FE3 /* FairyNotification.swift */ = {isa = PBXFileReference; fileEncoding = 4; lastKnownFileType = sourcecode.swift; path = FairyNotification.swift; sourceTree = "<group>"; };
		185448EF1C85347100AB787A /* AppDelegate.swift */ = {isa = PBXFileReference; fileEncoding = 4; lastKnownFileType = sourcecode.swift; path = AppDelegate.swift; sourceTree = "<group>"; };
		185448F01C85347100AB787A /* Assets.xcassets */ = {isa = PBXFileReference; lastKnownFileType = folder.assetcatalog; path = Assets.xcassets; sourceTree = "<group>"; };
		185448F21C85347100AB787A /* Base */ = {isa = PBXFileReference; lastKnownFileType = file.storyboard; name = Base; path = Base.lproj/LaunchScreen.storyboard; sourceTree = "<group>"; };
		185448F41C85347100AB787A /* Base */ = {isa = PBXFileReference; lastKnownFileType = file.storyboard; name = Base; path = Base.lproj/Main.storyboard; sourceTree = "<group>"; };
		185448F51C85347100AB787A /* Info.plist */ = {isa = PBXFileReference; fileEncoding = 4; lastKnownFileType = text.plist.xml; path = Info.plist; sourceTree = "<group>"; };
		185448FE1C853EAD00AB787A /* ViewController.swift */ = {isa = PBXFileReference; fileEncoding = 4; lastKnownFileType = sourcecode.swift; path = ViewController.swift; sourceTree = "<group>"; };
		18889D021C74A9FC00CC6CBA /* ShotsCollectionCellViewModel.swift */ = {isa = PBXFileReference; fileEncoding = 4; lastKnownFileType = sourcecode.swift; path = ShotsCollectionCellViewModel.swift; sourceTree = "<group>"; };
		188C2DE21C7F1F4F00C18B9A /* ShotDetailController.swift */ = {isa = PBXFileReference; fileEncoding = 4; lastKnownFileType = sourcecode.swift; path = ShotDetailController.swift; sourceTree = "<group>"; };
		188C2DEC1C7F312500C18B9A /* ShotDetail.storyboard */ = {isa = PBXFileReference; fileEncoding = 4; lastKnownFileType = file.storyboard; path = ShotDetail.storyboard; sourceTree = "<group>"; };
		188C2DEF1C7F314F00C18B9A /* ShotDetailHeaderImageCell.swift */ = {isa = PBXFileReference; fileEncoding = 4; lastKnownFileType = sourcecode.swift; path = ShotDetailHeaderImageCell.swift; sourceTree = "<group>"; };
		188C2DF01C7F314F00C18B9A /* ShotDetailHeaderImageCell.xib */ = {isa = PBXFileReference; fileEncoding = 4; lastKnownFileType = file.xib; path = ShotDetailHeaderImageCell.xib; sourceTree = "<group>"; };
		188C2DF31C7FE97200C18B9A /* ShotDetailDesignerInfoCell.swift */ = {isa = PBXFileReference; fileEncoding = 4; lastKnownFileType = sourcecode.swift; path = ShotDetailDesignerInfoCell.swift; sourceTree = "<group>"; };
		188C2DF41C7FE97200C18B9A /* ShotDetailDesignerInfoCell.xib */ = {isa = PBXFileReference; fileEncoding = 4; lastKnownFileType = file.xib; path = ShotDetailDesignerInfoCell.xib; sourceTree = "<group>"; };
		188C2DF71C7FF4C500C18B9A /* ShotInfoCell.swift */ = {isa = PBXFileReference; fileEncoding = 4; lastKnownFileType = sourcecode.swift; path = ShotInfoCell.swift; sourceTree = "<group>"; };
		188C2DF81C7FF4C500C18B9A /* ShotInfoCell.xib */ = {isa = PBXFileReference; fileEncoding = 4; lastKnownFileType = file.xib; path = ShotInfoCell.xib; sourceTree = "<group>"; };
		188C2DFF1C80491E00C18B9A /* ShotDetailDescriptionCell.swift */ = {isa = PBXFileReference; fileEncoding = 4; lastKnownFileType = sourcecode.swift; path = ShotDetailDescriptionCell.swift; sourceTree = "<group>"; };
		188C2E001C80491E00C18B9A /* ShotDetailDescriptionCell.xib */ = {isa = PBXFileReference; fileEncoding = 4; lastKnownFileType = file.xib; path = ShotDetailDescriptionCell.xib; sourceTree = "<group>"; };
		18928D0F1C64B57D003B2DFB /* Http.swift */ = {isa = PBXFileReference; fileEncoding = 4; lastKnownFileType = sourcecode.swift; path = Http.swift; sourceTree = "<group>"; };
		18928D141C64E01B003B2DFB /* ShotsCollectionViewController.swift */ = {isa = PBXFileReference; fileEncoding = 4; lastKnownFileType = sourcecode.swift; path = ShotsCollectionViewController.swift; sourceTree = "<group>"; };
		18BCCC001C85D0790085F35E /* PullToRefreshView.swift */ = {isa = PBXFileReference; fileEncoding = 4; lastKnownFileType = sourcecode.swift; path = PullToRefreshView.swift; sourceTree = "<group>"; };
		18BF9C081C622B6B007E9194 /* DribbbleAPI.swift */ = {isa = PBXFileReference; fileEncoding = 4; lastKnownFileType = sourcecode.swift; path = DribbbleAPI.swift; sourceTree = "<group>"; };
		18BF9C0A1C622CF6007E9194 /* Alamofire+Extension.swift */ = {isa = PBXFileReference; fileEncoding = 4; lastKnownFileType = sourcecode.swift; path = "Alamofire+Extension.swift"; sourceTree = "<group>"; };
		18CB61DB1C8086460038A5A6 /* ShotDetailModel.swift */ = {isa = PBXFileReference; fileEncoding = 4; lastKnownFileType = sourcecode.swift; path = ShotDetailModel.swift; sourceTree = "<group>"; };
		18CB61DE1C8089AB0038A5A6 /* DribbbleImages.swift */ = {isa = PBXFileReference; fileEncoding = 4; lastKnownFileType = sourcecode.swift; path = DribbbleImages.swift; sourceTree = "<group>"; };
		18CB61DF1C8089AB0038A5A6 /* DribbbleLinks.swift */ = {isa = PBXFileReference; fileEncoding = 4; lastKnownFileType = sourcecode.swift; path = DribbbleLinks.swift; sourceTree = "<group>"; };
		18CB61E01C8089AB0038A5A6 /* DribbbleShotModel.swift */ = {isa = PBXFileReference; fileEncoding = 4; lastKnownFileType = sourcecode.swift; path = DribbbleShotModel.swift; sourceTree = "<group>"; };
		18CB61E11C8089AB0038A5A6 /* DribbbleTeamModel.swift */ = {isa = PBXFileReference; fileEncoding = 4; lastKnownFileType = sourcecode.swift; path = DribbbleTeamModel.swift; sourceTree = "<group>"; };
		18CB61E21C8089AB0038A5A6 /* DribbbleUserModel.swift */ = {isa = PBXFileReference; fileEncoding = 4; lastKnownFileType = sourcecode.swift; path = DribbbleUserModel.swift; sourceTree = "<group>"; };
		18F166871C662F5E00E9185B /* ShotsCollectionViewCell.swift */ = {isa = PBXFileReference; fileEncoding = 4; lastKnownFileType = sourcecode.swift; path = ShotsCollectionViewCell.swift; sourceTree = "<group>"; };
		18F1668A1C699C9B00E9185B /* ShotsFooterCollectionReusableView.swift */ = {isa = PBXFileReference; fileEncoding = 4; lastKnownFileType = sourcecode.swift; path = ShotsFooterCollectionReusableView.swift; sourceTree = "<group>"; };
		18F9D4DB1C8326720091B891 /* ShotDetailCommentCell.swift */ = {isa = PBXFileReference; fileEncoding = 4; lastKnownFileType = sourcecode.swift; path = ShotDetailCommentCell.swift; sourceTree = "<group>"; };
		18F9D4DC1C8326720091B891 /* ShotDetailCommentCell.xib */ = {isa = PBXFileReference; fileEncoding = 4; lastKnownFileType = file.xib; path = ShotDetailCommentCell.xib; sourceTree = "<group>"; };
		18F9D4DF1C832A2E0091B891 /* DribbbleCommentModel.swift */ = {isa = PBXFileReference; fileEncoding = 4; lastKnownFileType = sourcecode.swift; path = DribbbleCommentModel.swift; sourceTree = "<group>"; };
		4BAF1911908E39ABE07706BD /* Pods_Fairy.framework */ = {isa = PBXFileReference; explicitFileType = wrapper.framework; includeInIndex = 0; path = Pods_Fairy.framework; sourceTree = BUILT_PRODUCTS_DIR; };
		510D133E9F323AFB1A278C5B /* CoreTelephony.framework */ = {isa = PBXFileReference; lastKnownFileType = wrapper.framework; name = CoreTelephony.framework; path = System/Library/Frameworks/CoreTelephony.framework; sourceTree = SDKROOT; };
		8A07CDD4FECBA84DAF90DC5C /* QuartzCore.framework */ = {isa = PBXFileReference; lastKnownFileType = wrapper.framework; name = QuartzCore.framework; path = System/Library/Frameworks/QuartzCore.framework; sourceTree = SDKROOT; };
		B99C9E9B25D2091F55D5DD5D /* Pods-Fairy.release.xcconfig */ = {isa = PBXFileReference; includeInIndex = 1; lastKnownFileType = text.xcconfig; name = "Pods-Fairy.release.xcconfig"; path = "Pods/Target Support Files/Pods-Fairy/Pods-Fairy.release.xcconfig"; sourceTree = "<group>"; };
		D301976B532B62C68D58AB67 /* BuddyBuildSDK.framework */ = {isa = PBXFileReference; lastKnownFileType = wrapper.framework; path = BuddyBuildSDK.framework; sourceTree = "<group>"; };
		D9A56B65979042B7F9388F22 /* Bridging-Header.h */ = {isa = PBXFileReference; includeInIndex = 1; lastKnownFileType = sourcecode.c.h; name = "Bridging-Header.h"; path = "../Bridging-Header.h"; sourceTree = "<group>"; };
		DD4399C811935FDA3DD064D3 /* Pods-Fairy.debug.xcconfig */ = {isa = PBXFileReference; includeInIndex = 1; lastKnownFileType = text.xcconfig; name = "Pods-Fairy.debug.xcconfig"; path = "Pods/Target Support Files/Pods-Fairy/Pods-Fairy.debug.xcconfig"; sourceTree = "<group>"; };
		EBE05780C4C1234A7BA8C474 /* CoreText.framework */ = {isa = PBXFileReference; lastKnownFileType = wrapper.framework; name = CoreText.framework; path = System/Library/Frameworks/CoreText.framework; sourceTree = SDKROOT; };
		EDE83B0129BE6F269B618668 /* AssetsLibrary.framework */ = {isa = PBXFileReference; lastKnownFileType = wrapper.framework; name = AssetsLibrary.framework; path = System/Library/Frameworks/AssetsLibrary.framework; sourceTree = SDKROOT; };
/* End PBXFileReference section */

/* Begin PBXFrameworksBuildPhase section */
		1844E8F91C5F18B200705FE3 /* Frameworks */ = {
			isa = PBXFrameworksBuildPhase;
			buildActionMask = 2147483647;
			files = (
				42DD311CB9B6D5647174012E /* BuddyBuildSDK.framework in Frameworks */,
				7F512585A5864294F1EF2B1B /* AssetsLibrary.framework in Frameworks */,
				E6B21AF85C60BD593CE018A9 /* CoreText.framework in Frameworks */,
				2B3D4F16F572CBAB786F21AB /* CoreTelephony.framework in Frameworks */,
				A48D106455D79E7D94AF6041 /* SystemConfiguration.framework in Frameworks */,
				656DE2063BEFEB11A8E33E8F /* QuartzCore.framework in Frameworks */,
				6401EB4076ABF64C7D73CC7C /* Pods_Fairy.framework in Frameworks */,
			);
			runOnlyForDeploymentPostprocessing = 0;
		};
/* End PBXFrameworksBuildPhase section */

/* Begin PBXGroup section */
		180EB10B1C8D168F00EB2FBF /* HtmlTemplate */ = {
			isa = PBXGroup;
			children = (
				180EB10C1C8D16DA00EB2FBF /* shotDescription.html */,
			);
			path = HtmlTemplate;
			sourceTree = "<group>";
		};
		183114991C893085004EF152 /* Realm */ = {
			isa = PBXGroup;
			children = (
				1831149C1C8960E4004EF152 /* RealmString.swift */,
				183114A01C89BC62004EF152 /* RealmManger.swift */,
			);
			path = Realm;
			sourceTree = "<group>";
		};
		1844E8F31C5F18B200705FE3 = {
			isa = PBXGroup;
			children = (
				1844E8FE1C5F18B200705FE3 /* Fairy */,
				1844E8FD1C5F18B200705FE3 /* Products */,
				FF5C0FB47B17C63C8549B182 /* Frameworks */,
				4E99C9A0F32313FCBDBEBFD8 /* Pods */,
			);
			sourceTree = "<group>";
		};
		1844E8FD1C5F18B200705FE3 /* Products */ = {
			isa = PBXGroup;
			children = (
				1844E8FC1C5F18B200705FE3 /* Fairy.app */,
			);
			name = Products;
			sourceTree = "<group>";
		};
		1844E8FE1C5F18B200705FE3 /* Fairy */ = {
			isa = PBXGroup;
			children = (
				180EB10B1C8D168F00EB2FBF /* HtmlTemplate */,
				183114991C893085004EF152 /* Realm */,
				18BCCBFE1C85D0790085F35E /* Public */,
				1844E9171C5F886700705FE3 /* Tools */,
				1844E9141C5F7AF800705FE3 /* Extension */,
				1844E9111C5F18DC00705FE3 /* Http */,
				189115761C63853D0014C1EE /* Shots */,
				188C2DDA1C7F1C9600C18B9A /* ShotDetail */,
				185448EE1C85347100AB787A /* Resources */,
				185448FD1C853EAD00AB787A /* Login */,
				D9A56B65979042B7F9388F22 /* Bridging-Header.h */,
			);
			path = Fairy;
			sourceTree = "<group>";
		};
		1844E9111C5F18DC00705FE3 /* Http */ = {
			isa = PBXGroup;
			children = (
				18CB61DD1C8089AB0038A5A6 /* Model */,
				1844E9121C5F19F000705FE3 /* OAuth.swift */,
				18BF9C081C622B6B007E9194 /* DribbbleAPI.swift */,
				18BF9C0A1C622CF6007E9194 /* Alamofire+Extension.swift */,
				18928D0F1C64B57D003B2DFB /* Http.swift */,
			);
			path = Http;
			sourceTree = "<group>";
		};
		1844E9141C5F7AF800705FE3 /* Extension */ = {
			isa = PBXGroup;
			children = (
				1844E9151C5F7B0F00705FE3 /* NSURL+Extension.swift */,
				180EB1051C8B356900EB2FBF /* NSDate+Extension.swift */,
				180EB1071C8BBD8000EB2FBF /* String+Extension.swift */,
			);
			path = Extension;
			sourceTree = "<group>";
		};
		1844E9171C5F886700705FE3 /* Tools */ = {
			isa = PBXGroup;
			children = (
				1844E9181C5F887F00705FE3 /* Defaults.swift */,
				1844E91A1C5F8DB300705FE3 /* FairyNotification.swift */,
				1831149E1C89B9DB004EF152 /* Log.swift */,
			);
			path = Tools;
			sourceTree = "<group>";
		};
		185448EE1C85347100AB787A /* Resources */ = {
			isa = PBXGroup;
			children = (
				185448EF1C85347100AB787A /* AppDelegate.swift */,
				185448F01C85347100AB787A /* Assets.xcassets */,
				185448F11C85347100AB787A /* LaunchScreen.storyboard */,
				185448F31C85347100AB787A /* Main.storyboard */,
				185448F51C85347100AB787A /* Info.plist */,
			);
			path = Resources;
			sourceTree = "<group>";
		};
		185448FD1C853EAD00AB787A /* Login */ = {
			isa = PBXGroup;
			children = (
				185448FE1C853EAD00AB787A /* ViewController.swift */,
			);
			path = Login;
			sourceTree = "<group>";
		};
		188C2DDA1C7F1C9600C18B9A /* ShotDetail */ = {
			isa = PBXGroup;
			children = (
				188C2DEE1C7F314F00C18B9A /* Cell */,
				188C2DE21C7F1F4F00C18B9A /* ShotDetailController.swift */,
				188C2DEC1C7F312500C18B9A /* ShotDetail.storyboard */,
				18CB61DB1C8086460038A5A6 /* ShotDetailModel.swift */,
			);
			path = ShotDetail;
			sourceTree = "<group>";
		};
		188C2DEE1C7F314F00C18B9A /* Cell */ = {
			isa = PBXGroup;
			children = (
				188C2DF31C7FE97200C18B9A /* ShotDetailDesignerInfoCell.swift */,
				188C2DF41C7FE97200C18B9A /* ShotDetailDesignerInfoCell.xib */,
				188C2DEF1C7F314F00C18B9A /* ShotDetailHeaderImageCell.swift */,
				188C2DF01C7F314F00C18B9A /* ShotDetailHeaderImageCell.xib */,
				188C2DF71C7FF4C500C18B9A /* ShotInfoCell.swift */,
				188C2DF81C7FF4C500C18B9A /* ShotInfoCell.xib */,
				188C2DFF1C80491E00C18B9A /* ShotDetailDescriptionCell.swift */,
				188C2E001C80491E00C18B9A /* ShotDetailDescriptionCell.xib */,
				18F9D4DB1C8326720091B891 /* ShotDetailCommentCell.swift */,
				18F9D4DC1C8326720091B891 /* ShotDetailCommentCell.xib */,
			);
			path = Cell;
			sourceTree = "<group>";
		};
		189115761C63853D0014C1EE /* Shots */ = {
			isa = PBXGroup;
			children = (
				18928D121C64DFFA003B2DFB /* Controller */,
				18928D131C64DFFA003B2DFB /* View */,
			);
			path = Shots;
			sourceTree = "<group>";
		};
		18928D121C64DFFA003B2DFB /* Controller */ = {
			isa = PBXGroup;
			children = (
				18928D141C64E01B003B2DFB /* ShotsCollectionViewController.swift */,
			);
			path = Controller;
			sourceTree = "<group>";
		};
		18928D131C64DFFA003B2DFB /* View */ = {
			isa = PBXGroup;
			children = (
				18F166871C662F5E00E9185B /* ShotsCollectionViewCell.swift */,
				18889D021C74A9FC00CC6CBA /* ShotsCollectionCellViewModel.swift */,
				18F1668A1C699C9B00E9185B /* ShotsFooterCollectionReusableView.swift */,
			);
			path = View;
			sourceTree = "<group>";
		};
		18BCCBFE1C85D0790085F35E /* Public */ = {
			isa = PBXGroup;
			children = (
				18BCCBFF1C85D0790085F35E /* View */,
			);
			path = Public;
			sourceTree = "<group>";
		};
		18BCCBFF1C85D0790085F35E /* View */ = {
			isa = PBXGroup;
			children = (
				18BCCC001C85D0790085F35E /* PullToRefreshView.swift */,
			);
			path = View;
			sourceTree = "<group>";
		};
		18CB61DD1C8089AB0038A5A6 /* Model */ = {
			isa = PBXGroup;
			children = (
				18CB61DE1C8089AB0038A5A6 /* DribbbleImages.swift */,
				18CB61DF1C8089AB0038A5A6 /* DribbbleLinks.swift */,
				18CB61E01C8089AB0038A5A6 /* DribbbleShotModel.swift */,
				18CB61E11C8089AB0038A5A6 /* DribbbleTeamModel.swift */,
				18CB61E21C8089AB0038A5A6 /* DribbbleUserModel.swift */,
				18F9D4DF1C832A2E0091B891 /* DribbbleCommentModel.swift */,
			);
			path = Model;
			sourceTree = "<group>";
		};
		4E99C9A0F32313FCBDBEBFD8 /* Pods */ = {
			isa = PBXGroup;
			children = (
				DD4399C811935FDA3DD064D3 /* Pods-Fairy.debug.xcconfig */,
				B99C9E9B25D2091F55D5DD5D /* Pods-Fairy.release.xcconfig */,
			);
			name = Pods;
			sourceTree = "<group>";
		};
		FF5C0FB47B17C63C8549B182 /* Frameworks */ = {
			isa = PBXGroup;
			children = (
				D301976B532B62C68D58AB67 /* BuddyBuildSDK.framework */,
				EDE83B0129BE6F269B618668 /* AssetsLibrary.framework */,
				EBE05780C4C1234A7BA8C474 /* CoreText.framework */,
				510D133E9F323AFB1A278C5B /* CoreTelephony.framework */,
				0688B319E97778CEFCD7ECD9 /* SystemConfiguration.framework */,
				8A07CDD4FECBA84DAF90DC5C /* QuartzCore.framework */,
				4BAF1911908E39ABE07706BD /* Pods_Fairy.framework */,
			);
			name = Frameworks;
			sourceTree = "<group>";
		};
/* End PBXGroup section */

/* Begin PBXNativeTarget section */
		1844E8FB1C5F18B200705FE3 /* Fairy */ = {
			isa = PBXNativeTarget;
			buildConfigurationList = 1844E90E1C5F18B200705FE3 /* Build configuration list for PBXNativeTarget "Fairy" */;
			buildPhases = (
				8D8999E8F235486AEABBEB71 /* Check Pods Manifest.lock */,
				1844E8F81C5F18B200705FE3 /* Sources */,
				1844E8F91C5F18B200705FE3 /* Frameworks */,
				1844E8FA1C5F18B200705FE3 /* Resources */,
				C4FE6A05580A031596F4BC8C /* Embed Pods Frameworks */,
				18D1D93FEF58B34344CB78EE /* Copy Pods Resources */,
			);
			buildRules = (
			);
			dependencies = (
			);
			name = Fairy;
			productName = Fairy;
			productReference = 1844E8FC1C5F18B200705FE3 /* Fairy.app */;
			productType = "com.apple.product-type.application";
		};
/* End PBXNativeTarget section */

/* Begin PBXProject section */
		1844E8F41C5F18B200705FE3 /* Project object */ = {
			isa = PBXProject;
			attributes = {
				LastSwiftUpdateCheck = 0720;
				LastUpgradeCheck = 0720;
				ORGANIZATIONNAME = futantan;
				TargetAttributes = {
					1844E8FB1C5F18B200705FE3 = {
						CreatedOnToolsVersion = 7.2;
						DevelopmentTeam = 9LW7P9W636;
					};
				};
			};
			buildConfigurationList = 1844E8F71C5F18B200705FE3 /* Build configuration list for PBXProject "Fairy" */;
			compatibilityVersion = "Xcode 3.2";
			developmentRegion = English;
			hasScannedForEncodings = 0;
			knownRegions = (
				en,
				Base,
			);
			mainGroup = 1844E8F31C5F18B200705FE3;
			productRefGroup = 1844E8FD1C5F18B200705FE3 /* Products */;
			projectDirPath = "";
			projectRoot = "";
			targets = (
				1844E8FB1C5F18B200705FE3 /* Fairy */,
			);
		};
/* End PBXProject section */

/* Begin PBXResourcesBuildPhase section */
		1844E8FA1C5F18B200705FE3 /* Resources */ = {
			isa = PBXResourcesBuildPhase;
			buildActionMask = 2147483647;
			files = (
				188C2DF61C7FE97200C18B9A /* ShotDetailDesignerInfoCell.xib in Resources */,
				188C2E021C80491E00C18B9A /* ShotDetailDescriptionCell.xib in Resources */,
				185448F81C85347100AB787A /* LaunchScreen.storyboard in Resources */,
				188C2DED1C7F312500C18B9A /* ShotDetail.storyboard in Resources */,
				185448F91C85347100AB787A /* Main.storyboard in Resources */,
				188C2DF21C7F314F00C18B9A /* ShotDetailHeaderImageCell.xib in Resources */,
				188C2DFA1C7FF4C500C18B9A /* ShotInfoCell.xib in Resources */,
				185448F71C85347100AB787A /* Assets.xcassets in Resources */,
				18F9D4DE1C8326720091B891 /* ShotDetailCommentCell.xib in Resources */,
				180EB10D1C8D16DA00EB2FBF /* shotDescription.html in Resources */,
			);
			runOnlyForDeploymentPostprocessing = 0;
		};
/* End PBXResourcesBuildPhase section */

/* Begin PBXShellScriptBuildPhase section */
		18D1D93FEF58B34344CB78EE /* Copy Pods Resources */ = {
			isa = PBXShellScriptBuildPhase;
			buildActionMask = 2147483647;
			files = (
			);
			inputPaths = (
			);
			name = "Copy Pods Resources";
			outputPaths = (
			);
			runOnlyForDeploymentPostprocessing = 0;
			shellPath = /bin/sh;
			shellScript = "\"${SRCROOT}/Pods/Target Support Files/Pods-Fairy/Pods-Fairy-resources.sh\"\n";
			showEnvVarsInLog = 0;
		};
		8D8999E8F235486AEABBEB71 /* Check Pods Manifest.lock */ = {
			isa = PBXShellScriptBuildPhase;
			buildActionMask = 2147483647;
			files = (
			);
			inputPaths = (
			);
			name = "Check Pods Manifest.lock";
			outputPaths = (
			);
			runOnlyForDeploymentPostprocessing = 0;
			shellPath = /bin/sh;
			shellScript = "diff \"${PODS_ROOT}/../Podfile.lock\" \"${PODS_ROOT}/Manifest.lock\" > /dev/null\nif [[ $? != 0 ]] ; then\n    cat << EOM\nerror: The sandbox is not in sync with the Podfile.lock. Run 'pod install' or update your CocoaPods installation.\nEOM\n    exit 1\nfi\n";
			showEnvVarsInLog = 0;
		};
		C4FE6A05580A031596F4BC8C /* Embed Pods Frameworks */ = {
			isa = PBXShellScriptBuildPhase;
			buildActionMask = 2147483647;
			files = (
			);
			inputPaths = (
			);
			name = "Embed Pods Frameworks";
			outputPaths = (
			);
			runOnlyForDeploymentPostprocessing = 0;
			shellPath = /bin/sh;
			shellScript = "\"${SRCROOT}/Pods/Target Support Files/Pods-Fairy/Pods-Fairy-frameworks.sh\"\n";
			showEnvVarsInLog = 0;
		};
/* End PBXShellScriptBuildPhase section */

/* Begin PBXSourcesBuildPhase section */
		1844E8F81C5F18B200705FE3 /* Sources */ = {
			isa = PBXSourcesBuildPhase;
			buildActionMask = 2147483647;
			files = (
				18F166881C662F5E00E9185B /* ShotsCollectionViewCell.swift in Sources */,
				188C2DF91C7FF4C500C18B9A /* ShotInfoCell.swift in Sources */,
				18CB61DC1C8086460038A5A6 /* ShotDetailModel.swift in Sources */,
				18CB61E41C8089AB0038A5A6 /* DribbbleLinks.swift in Sources */,
				1844E9161C5F7B0F00705FE3 /* NSURL+Extension.swift in Sources */,
				18BCCC011C85D0790085F35E /* PullToRefreshView.swift in Sources */,
				18F9D4E01C832A2E0091B891 /* DribbbleCommentModel.swift in Sources */,
				18889D031C74A9FC00CC6CBA /* ShotsCollectionCellViewModel.swift in Sources */,
				188C2DF11C7F314F00C18B9A /* ShotDetailHeaderImageCell.swift in Sources */,
				185448FF1C853EAD00AB787A /* ViewController.swift in Sources */,
				185448F61C85347100AB787A /* AppDelegate.swift in Sources */,
				18CB61E51C8089AB0038A5A6 /* DribbbleShotModel.swift in Sources */,
				1831149D1C8960E4004EF152 /* RealmString.swift in Sources */,
				180EB1061C8B356900EB2FBF /* NSDate+Extension.swift in Sources */,
				18CB61E71C8089AB0038A5A6 /* DribbbleUserModel.swift in Sources */,
				18BF9C091C622B6B007E9194 /* DribbbleAPI.swift in Sources */,
				180EB1081C8BBD8000EB2FBF /* String+Extension.swift in Sources */,
				18CB61E31C8089AB0038A5A6 /* DribbbleImages.swift in Sources */,
				18928D151C64E01B003B2DFB /* ShotsCollectionViewController.swift in Sources */,
				1844E9131C5F19F000705FE3 /* OAuth.swift in Sources */,
				1844E9191C5F887F00705FE3 /* Defaults.swift in Sources */,
				183114A11C89BC62004EF152 /* RealmManger.swift in Sources */,
				18F1668B1C699C9B00E9185B /* ShotsFooterCollectionReusableView.swift in Sources */,
				188C2DF51C7FE97200C18B9A /* ShotDetailDesignerInfoCell.swift in Sources */,
				188C2DE31C7F1F4F00C18B9A /* ShotDetailController.swift in Sources */,
				188C2E011C80491E00C18B9A /* ShotDetailDescriptionCell.swift in Sources */,
				18CB61E61C8089AB0038A5A6 /* DribbbleTeamModel.swift in Sources */,
				18BF9C0B1C622CF6007E9194 /* Alamofire+Extension.swift in Sources */,
				1844E91B1C5F8DB300705FE3 /* FairyNotification.swift in Sources */,
				18928D101C64B57D003B2DFB /* Http.swift in Sources */,
				18F9D4DD1C8326720091B891 /* ShotDetailCommentCell.swift in Sources */,
				1831149F1C89B9DB004EF152 /* Log.swift in Sources */,
			);
			runOnlyForDeploymentPostprocessing = 0;
		};
/* End PBXSourcesBuildPhase section */

/* Begin PBXVariantGroup section */
		185448F11C85347100AB787A /* LaunchScreen.storyboard */ = {
			isa = PBXVariantGroup;
			children = (
				185448F21C85347100AB787A /* Base */,
			);
			name = LaunchScreen.storyboard;
			sourceTree = "<group>";
		};
		185448F31C85347100AB787A /* Main.storyboard */ = {
			isa = PBXVariantGroup;
			children = (
				185448F41C85347100AB787A /* Base */,
			);
			name = Main.storyboard;
			sourceTree = "<group>";
		};
/* End PBXVariantGroup section */

/* Begin XCBuildConfiguration section */
		1844E90C1C5F18B200705FE3 /* Debug */ = {
			isa = XCBuildConfiguration;
			buildSettings = {
				ALWAYS_SEARCH_USER_PATHS = NO;
				CLANG_CXX_LANGUAGE_STANDARD = "gnu++0x";
				CLANG_CXX_LIBRARY = "libc++";
				CLANG_ENABLE_MODULES = YES;
				CLANG_ENABLE_OBJC_ARC = YES;
				CLANG_WARN_BOOL_CONVERSION = YES;
				CLANG_WARN_CONSTANT_CONVERSION = YES;
				CLANG_WARN_DIRECT_OBJC_ISA_USAGE = YES_ERROR;
				CLANG_WARN_EMPTY_BODY = YES;
				CLANG_WARN_ENUM_CONVERSION = YES;
				CLANG_WARN_INT_CONVERSION = YES;
				CLANG_WARN_OBJC_ROOT_CLASS = YES_ERROR;
				CLANG_WARN_UNREACHABLE_CODE = YES;
				CLANG_WARN__DUPLICATE_METHOD_MATCH = YES;
				"CODE_SIGN_IDENTITY[sdk=iphoneos*]" = "iPhone Developer";
				COPY_PHASE_STRIP = NO;
				DEBUG_INFORMATION_FORMAT = dwarf;
				ENABLE_STRICT_OBJC_MSGSEND = YES;
				ENABLE_TESTABILITY = YES;
				GCC_C_LANGUAGE_STANDARD = gnu99;
				GCC_DYNAMIC_NO_PIC = NO;
				GCC_NO_COMMON_BLOCKS = YES;
				GCC_OPTIMIZATION_LEVEL = 0;
				GCC_PREPROCESSOR_DEFINITIONS = (
					"DEBUG=1",
					"$(inherited)",
				);
				GCC_WARN_64_TO_32_BIT_CONVERSION = YES;
				GCC_WARN_ABOUT_RETURN_TYPE = YES_ERROR;
				GCC_WARN_UNDECLARED_SELECTOR = YES;
				GCC_WARN_UNINITIALIZED_AUTOS = YES_AGGRESSIVE;
				GCC_WARN_UNUSED_FUNCTION = YES;
				GCC_WARN_UNUSED_VARIABLE = YES;
				IPHONEOS_DEPLOYMENT_TARGET = 9.2;
				MTL_ENABLE_DEBUG_INFO = YES;
				ONLY_ACTIVE_ARCH = YES;
				SDKROOT = iphoneos;
				SWIFT_OPTIMIZATION_LEVEL = "-Onone";
			};
			name = Debug;
		};
		1844E90D1C5F18B200705FE3 /* Release */ = {
			isa = XCBuildConfiguration;
			buildSettings = {
				ALWAYS_SEARCH_USER_PATHS = NO;
				CLANG_CXX_LANGUAGE_STANDARD = "gnu++0x";
				CLANG_CXX_LIBRARY = "libc++";
				CLANG_ENABLE_MODULES = YES;
				CLANG_ENABLE_OBJC_ARC = YES;
				CLANG_WARN_BOOL_CONVERSION = YES;
				CLANG_WARN_CONSTANT_CONVERSION = YES;
				CLANG_WARN_DIRECT_OBJC_ISA_USAGE = YES_ERROR;
				CLANG_WARN_EMPTY_BODY = YES;
				CLANG_WARN_ENUM_CONVERSION = YES;
				CLANG_WARN_INT_CONVERSION = YES;
				CLANG_WARN_OBJC_ROOT_CLASS = YES_ERROR;
				CLANG_WARN_UNREACHABLE_CODE = YES;
				CLANG_WARN__DUPLICATE_METHOD_MATCH = YES;
				"CODE_SIGN_IDENTITY[sdk=iphoneos*]" = "iPhone Developer";
				COPY_PHASE_STRIP = NO;
				DEBUG_INFORMATION_FORMAT = "dwarf-with-dsym";
				ENABLE_NS_ASSERTIONS = NO;
				ENABLE_STRICT_OBJC_MSGSEND = YES;
				GCC_C_LANGUAGE_STANDARD = gnu99;
				GCC_NO_COMMON_BLOCKS = YES;
				GCC_WARN_64_TO_32_BIT_CONVERSION = YES;
				GCC_WARN_ABOUT_RETURN_TYPE = YES_ERROR;
				GCC_WARN_UNDECLARED_SELECTOR = YES;
				GCC_WARN_UNINITIALIZED_AUTOS = YES_AGGRESSIVE;
				GCC_WARN_UNUSED_FUNCTION = YES;
				GCC_WARN_UNUSED_VARIABLE = YES;
				IPHONEOS_DEPLOYMENT_TARGET = 9.2;
				MTL_ENABLE_DEBUG_INFO = NO;
				SDKROOT = iphoneos;
				VALIDATE_PRODUCT = YES;
			};
			name = Release;
		};
		1844E90F1C5F18B200705FE3 /* Debug */ = {
			isa = XCBuildConfiguration;
			baseConfigurationReference = DD4399C811935FDA3DD064D3 /* Pods-Fairy.debug.xcconfig */;
			buildSettings = {
				ASSETCATALOG_COMPILER_APPICON_NAME = AppIcon;
				CODE_SIGN_IDENTITY = "iPhone Developer";
				FRAMEWORK_SEARCH_PATHS = (
					"$(inherited)",
					"$(PROJECT_DIR)",
				);
				INFOPLIST_FILE = Fairy/Resources/Info.plist;
				IPHONEOS_DEPLOYMENT_TARGET = 8.2;
				LD_RUNPATH_SEARCH_PATHS = "$(inherited) @executable_path/Frameworks";
				OTHER_SWIFT_FLAGS = "$(inherited) \"-D\" \"COCOAPODS\" -D DEBUG";
				PRODUCT_BUNDLE_IDENTIFIER = com.futantan.Fairy;
				PRODUCT_NAME = "$(TARGET_NAME)";
				SWIFT_OBJC_BRIDGING_HEADER = "Bridging-Header.h";
			};
			name = Debug;
		};
		1844E9101C5F18B200705FE3 /* Release */ = {
			isa = XCBuildConfiguration;
			baseConfigurationReference = B99C9E9B25D2091F55D5DD5D /* Pods-Fairy.release.xcconfig */;
			buildSettings = {
				ASSETCATALOG_COMPILER_APPICON_NAME = AppIcon;
				CODE_SIGN_IDENTITY = "iPhone Developer";
				FRAMEWORK_SEARCH_PATHS = (
					"$(inherited)",
					"$(PROJECT_DIR)",
				);
				INFOPLIST_FILE = Fairy/Resources/Info.plist;
				IPHONEOS_DEPLOYMENT_TARGET = 8.2;
				LD_RUNPATH_SEARCH_PATHS = "$(inherited) @executable_path/Frameworks";
				OTHER_SWIFT_FLAGS = "$(inherited) \"-D\" \"COCOAPODS\" -D DEBUG";
				PRODUCT_BUNDLE_IDENTIFIER = com.futantan.Fairy;
				PRODUCT_NAME = "$(TARGET_NAME)";
				SWIFT_OBJC_BRIDGING_HEADER = "Bridging-Header.h";
			};
			name = Release;
		};
/* End XCBuildConfiguration section */

/* Begin XCConfigurationList section */
		1844E8F71C5F18B200705FE3 /* Build configuration list for PBXProject "Fairy" */ = {
			isa = XCConfigurationList;
			buildConfigurations = (
				1844E90C1C5F18B200705FE3 /* Debug */,
				1844E90D1C5F18B200705FE3 /* Release */,
			);
			defaultConfigurationIsVisible = 0;
			defaultConfigurationName = Release;
		};
		1844E90E1C5F18B200705FE3 /* Build configuration list for PBXNativeTarget "Fairy" */ = {
			isa = XCConfigurationList;
			buildConfigurations = (
				1844E90F1C5F18B200705FE3 /* Debug */,
				1844E9101C5F18B200705FE3 /* Release */,
			);
			defaultConfigurationIsVisible = 0;
			defaultConfigurationName = Release;
		};
/* End XCConfigurationList section */
	};
	rootObject = 1844E8F41C5F18B200705FE3 /* Project object */;
}
